
Microsoft Visual Studio Solution File, Format Version 12.00
# Visual Studio 14
VisualStudioVersion = 14.0.23107.0
MinimumVisualStudioVersion = 10.0.40219.1
Project("{FAE04EC0-301F-11D3-BF4B-00C04F79EFBC}") = "Alan.Utils.Session", "Alan.Utils.Session\Alan.Utils.Session.csproj", "{15CAE99D-EFDF-4568-A225-F6FC60B743BD}"
EndProject
Project("{FAE04EC0-301F-11D3-BF4B-00C04F79EFBC}") = "Alan.Utils.Session.Demo", "Alan.Utils.Session.Demo\Alan.Utils.Session.Demo.csproj", "{B2CFE85A-80F2-4892-AAF3-4FD65B047102}"
EndProject
Global
	GlobalSection(SolutionConfigurationPlatforms) = preSolution
		Debug|Any CPU = Debug|Any CPU
		Release|Any CPU = Release|Any CPU
	EndGlobalSection
	GlobalSection(ProjectConfigurationPlatforms) = postSolution
		{15CAE99D-EFDF-4568-A225-F6FC60B743BD}.Debug|Any CPU.ActiveCfg = Debug|Any CPU
		{15CAE99D-EFDF-4568-A225-F6FC60B743BD}.Debug|Any CPU.Build.0 = Debug|Any CPU
		{15CAE99D-EFDF-4568-A225-F6FC60B743BD}.Release|Any CPU.ActiveCfg = Release|Any CPU
		{15CAE99D-EFDF-4568-A225-F6FC60B743BD}.Release|Any CPU.Build.0 = Release|Any CPU
		{B2CFE85A-80F2-4892-AAF3-4FD65B047102}.Debug|Any CPU.ActiveCfg = Debug|Any CPU
		{B2CFE85A-80F2-4892-AAF3-4FD65B047102}.Debug|Any CPU.Build.0 = Debug|Any CPU
		{B2CFE85A-80F2-4892-AAF3-4FD65B047102}.Release|Any CPU.ActiveCfg = Release|Any CPU
		{B2CFE85A-80F2-4892-AAF3-4FD65B047102}.Release|Any CPU.Build.0 = Release|Any CPU
	EndGlobalSection
	GlobalSection(SolutionProperties) = preSolution
		HideSolutionNode = FALSE
	EndGlobalSection
EndGlobal
